{
  "name": "strapi-plugin-semantic-search",
  "version": "1.0.3",
  "lockfileVersion": 3,
  "requires": true,
  "packages": {
    "": {
      "name": "strapi-plugin-semantic-search",
      "version": "1.0.3",
      "dependencies": {
        "@openrouter/sdk": "latest"
      }
    },
    "node_modules/@openrouter/sdk": {
      "version": "0.3.7",
      "resolved": "https://registry.npmjs.org/@openrouter/sdk/-/sdk-0.3.7.tgz",
      "integrity": "sha512-jHR7ive7s17kwnE/9+PHXkwKwObEn+hEuW52v8bBkn76insdF3nCcN1xkotHR4i87zLJc8SwE0/2vQsPIAkvnA==",
      "dependencies": {
        "zod": "^3.25.0 || ^4.0.0"
      }
    },
    "node_modules/zod": {
      "version": "4.2.1",
      "resolved": "https://registry.npmjs.org/zod/-/zod-4.2.1.tgz",
      "integrity": "sha512-0wZ1IRqGGhMP76gLqz8EyfBXKk0J2qo2+H3fi4mcUP/KtTocoX08nmIAHl1Z2kJIZbZee8KOpBCSNPRgauucjw==",
      "funding": {
        "url": "https://github.com/sponsors/colinhacks"
      }
    }
  }
}
